
Microsoft Visual Studio Solution File, Format Version 12.00
# Visual Studio 15
Project("{FAE04EC0-301F-11D3-BF4B-00C04F79EFBC}") = "Assembly-CSharp", "Assembly-CSharp.csproj", "{BF07187C-3A7C-B8DD-1878-D6DC23649AE0}"
EndProject
Project("{FAE04EC0-301F-11D3-BF4B-00C04F79EFBC}") = "Assembly-CSharp-Editor", "Assembly-CSharp-Editor.csproj", "{33D735D2-584C-570B-833C-323908968B55}"
EndProject
Global
	GlobalSection(SolutionConfigurationPlatforms) = preSolution
		Debug|Any CPU = Debug|Any CPU
		Release|Any CPU = Release|Any CPU
	EndGlobalSection
	GlobalSection(ProjectConfigurationPlatforms) = postSolution
		{BF07187C-3A7C-B8DD-1878-D6DC23649AE0}.Debug|Any CPU.ActiveCfg = Debug|Any CPU
		{BF07187C-3A7C-B8DD-1878-D6DC23649AE0}.Debug|Any CPU.Build.0 = Debug|Any CPU
		{BF07187C-3A7C-B8DD-1878-D6DC23649AE0}.Release|Any CPU.ActiveCfg = Release|Any CPU
		{BF07187C-3A7C-B8DD-1878-D6DC23649AE0}.Release|Any CPU.Build.0 = Release|Any CPU
		{33D735D2-584C-570B-833C-323908968B55}.Debug|Any CPU.ActiveCfg = Debug|Any CPU
		{33D735D2-584C-570B-833C-323908968B55}.Debug|Any CPU.Build.0 = Debug|Any CPU
		{33D735D2-584C-570B-833C-323908968B55}.Release|Any CPU.ActiveCfg = Release|Any CPU
		{33D735D2-584C-570B-833C-323908968B55}.Release|Any CPU.Build.0 = Release|Any CPU
	EndGlobalSection
	GlobalSection(SolutionProperties) = preSolution
		HideSolutionNode = FALSE
	EndGlobalSection
EndGlobal
